
Microsoft Visual Studio Solution File, Format Version 12.00
# Visual Studio Version 16
VisualStudioVersion = 16.0.28917.181
MinimumVisualStudioVersion = 10.0.40219.1
Project("{FAE04EC0-301F-11D3-BF4B-00C04F79EFBC}") = "PrimeiroProjeto", "PrimeiroProjeto.csproj", "{9B7691F0-4D48-4313-A5D1-1155D8C42091}"
EndProject
Global
	GlobalSection(SolutionConfigurationPlatforms) = preSolution
		Debug|Any CPU = Debug|Any CPU
		Release|Any CPU = Release|Any CPU
	EndGlobalSection
	GlobalSection(ProjectConfigurationPlatforms) = postSolution
		{9B7691F0-4D48-4313-A5D1-1155D8C42091}.Debug|Any CPU.ActiveCfg = Debug|Any CPU
		{9B7691F0-4D48-4313-A5D1-1155D8C42091}.Debug|Any CPU.Build.0 = Debug|Any CPU
		{9B7691F0-4D48-4313-A5D1-1155D8C42091}.Release|Any CPU.ActiveCfg = Release|Any CPU
		{9B7691F0-4D48-4313-A5D1-1155D8C42091}.Release|Any CPU.Build.0 = Release|Any CPU
	EndGlobalSection
	GlobalSection(SolutionProperties) = preSolution
		HideSolutionNode = FALSE
	EndGlobalSection
	GlobalSection(ExtensibilityGlobals) = postSolution
		SolutionGuid = {7D26F93B-235A-4101-98B0-0D950CE99E7E}
	EndGlobalSection
EndGlobal
